
Microsoft Visual Studio Solution File, Format Version 12.00
# Visual Studio Version 17
VisualStudioVersion = 17.13.35617.110 d17.13
MinimumVisualStudioVersion = 10.0.40219.1
Project("{FAE04EC0-301F-11D3-BF4B-00C04F79EFBC}") = "PhoneWord", "PhoneWord\PhoneWord.csproj", "{9250BA7B-97CC-4F43-8458-EA6B7CB53496}"
EndProject
Global
	GlobalSection(SolutionConfigurationPlatforms) = preSolution
		Debug|Any CPU = Debug|Any CPU
		Release|Any CPU = Release|Any CPU
	EndGlobalSection
	GlobalSection(ProjectConfigurationPlatforms) = postSolution
		{9250BA7B-97CC-4F43-8458-EA6B7CB53496}.Debug|Any CPU.ActiveCfg = Debug|Any CPU
		{9250BA7B-97CC-4F43-8458-EA6B7CB53496}.Debug|Any CPU.Build.0 = Debug|Any CPU
		{9250BA7B-97CC-4F43-8458-EA6B7CB53496}.Debug|Any CPU.Deploy.0 = Debug|Any CPU
		{9250BA7B-97CC-4F43-8458-EA6B7CB53496}.Release|Any CPU.ActiveCfg = Release|Any CPU
		{9250BA7B-97CC-4F43-8458-EA6B7CB53496}.Release|Any CPU.Build.0 = Release|Any CPU
		{9250BA7B-97CC-4F43-8458-EA6B7CB53496}.Release|Any CPU.Deploy.0 = Release|Any CPU
	EndGlobalSection
	GlobalSection(SolutionProperties) = preSolution
		HideSolutionNode = FALSE
	EndGlobalSection
	GlobalSection(ExtensibilityGlobals) = postSolution
		SolutionGuid = {ADAE6D01-40BE-4BF8-8646-CACCA45C7003}
	EndGlobalSection
EndGlobal
